
Microsoft Visual Studio Solution File, Format Version 12.00
# Visual Studio Version 17
VisualStudioVersion = 17.0.32002.185
MinimumVisualStudioVersion = 10.0.40219.1
Project("{2150E333-8FDC-42A3-9474-1A3956D46DE8}") = "SocialNetwork.Application", "SocialNetwork.Application", "{5607A1EE-5F8C-456B-82D2-3778314E85D9}"
EndProject
Project("{2150E333-8FDC-42A3-9474-1A3956D46DE8}") = "SocialNetwork.Infrastructure.Data", "SocialNetwork.Infrastructure.Data", "{49CBCE52-5F2F-4D48-9457-DCBB89424A4B}"
EndProject
Project("{2150E333-8FDC-42A3-9474-1A3956D46DE8}") = "SocialNetwork.Infrastructure.IoC", "SocialNetwork.Infrastructure.IoC", "{5888D15E-322B-42AB-938A-D77FE59EEA25}"
EndProject
Project("{2150E333-8FDC-42A3-9474-1A3956D46DE8}") = "SocialNetwork.Domain", "SocialNetwork.Domain", "{D13AB439-8C0E-4281-978A-AEC050AA5DDD}"
EndProject
Project("{2150E333-8FDC-42A3-9474-1A3956D46DE8}") = "SocialNetwork.UI.ASPNET", "SocialNetwork.UI.ASPNET", "{6329C44C-5CA8-4731-8E4E-129607838D8A}"
EndProject
Project("{2150E333-8FDC-42A3-9474-1A3956D46DE8}") = "SocialNetwork.Domain.Entities", "SocialNetwork.Domain.Entities", "{A03A0571-A040-4A06-AC85-EA5FF26E157A}"
EndProject
Project("{9A19103F-16F7-4668-BE54-9A1E7A4F7556}") = "SocialNetwork.Domain.Entities", "SocialNetwork.Domain\SocialNetwork.Domain.Entities\SocialNetwork.Domain.Entities\SocialNetwork.Domain.Entities.csproj", "{4D3BC404-499F-4F38-92DD-F7C55BAE3AC6}"
EndProject
Project("{9A19103F-16F7-4668-BE54-9A1E7A4F7556}") = "SocialNetwork.Infrastructure.Data", "SocialNetwork.Infrastructure.Data\SocialNetwork.Infrastructure.Data\SocialNetwork.Infrastructure.Data.csproj", "{DB01EA08-EF44-4B28-862C-B3C6DFB2FC9C}"
EndProject
Project("{2150E333-8FDC-42A3-9474-1A3956D46DE8}") = "SocialNetwork.APIController", "SocialNetwork.APIController", "{6F508999-A9BA-43A5-94DC-5DDA86ADAFE9}"
EndProject
Project("{9A19103F-16F7-4668-BE54-9A1E7A4F7556}") = "SocialNetwork.APIController", "SocialNetwork.APIController\SocialNetwork.APIController\SocialNetwork.APIController.csproj", "{04B2D875-8482-476C-A222-22407DB934D1}"
EndProject
Project("{9A19103F-16F7-4668-BE54-9A1E7A4F7556}") = "SocialNetwork.ApplicationUseCases", "SocialNetwork.Application\SocialNetwork.ApplicationUseCases\SocialNetwork.ApplicationUseCases.csproj", "{941A8B28-9094-44C1-957A-B3CE6F0AE4EF}"
EndProject
Project("{FAE04EC0-301F-11D3-BF4B-00C04F79EFBC}") = "SocialNetwork.Infrastructure.IoC", "SocialNetwork.Infrastructure.IoC\SocialNetwork.Infrastructure.IoC\SocialNetwork.Infrastructure.IoC.csproj", "{EED1C21F-8DA7-4AE7-97CB-6FEC6A77A028}"
EndProject
Global
	GlobalSection(SolutionConfigurationPlatforms) = preSolution
		Debug|Any CPU = Debug|Any CPU
		Release|Any CPU = Release|Any CPU
	EndGlobalSection
	GlobalSection(ProjectConfigurationPlatforms) = postSolution
		{4D3BC404-499F-4F38-92DD-F7C55BAE3AC6}.Debug|Any CPU.ActiveCfg = Debug|Any CPU
		{4D3BC404-499F-4F38-92DD-F7C55BAE3AC6}.Debug|Any CPU.Build.0 = Debug|Any CPU
		{4D3BC404-499F-4F38-92DD-F7C55BAE3AC6}.Release|Any CPU.ActiveCfg = Release|Any CPU
		{4D3BC404-499F-4F38-92DD-F7C55BAE3AC6}.Release|Any CPU.Build.0 = Release|Any CPU
		{DB01EA08-EF44-4B28-862C-B3C6DFB2FC9C}.Debug|Any CPU.ActiveCfg = Debug|Any CPU
		{DB01EA08-EF44-4B28-862C-B3C6DFB2FC9C}.Debug|Any CPU.Build.0 = Debug|Any CPU
		{DB01EA08-EF44-4B28-862C-B3C6DFB2FC9C}.Release|Any CPU.ActiveCfg = Release|Any CPU
		{DB01EA08-EF44-4B28-862C-B3C6DFB2FC9C}.Release|Any CPU.Build.0 = Release|Any CPU
		{04B2D875-8482-476C-A222-22407DB934D1}.Debug|Any CPU.ActiveCfg = Debug|Any CPU
		{04B2D875-8482-476C-A222-22407DB934D1}.Debug|Any CPU.Build.0 = Debug|Any CPU
		{04B2D875-8482-476C-A222-22407DB934D1}.Release|Any CPU.ActiveCfg = Release|Any CPU
		{04B2D875-8482-476C-A222-22407DB934D1}.Release|Any CPU.Build.0 = Release|Any CPU
		{941A8B28-9094-44C1-957A-B3CE6F0AE4EF}.Debug|Any CPU.ActiveCfg = Debug|Any CPU
		{941A8B28-9094-44C1-957A-B3CE6F0AE4EF}.Debug|Any CPU.Build.0 = Debug|Any CPU
		{941A8B28-9094-44C1-957A-B3CE6F0AE4EF}.Release|Any CPU.ActiveCfg = Release|Any CPU
		{941A8B28-9094-44C1-957A-B3CE6F0AE4EF}.Release|Any CPU.Build.0 = Release|Any CPU
		{EED1C21F-8DA7-4AE7-97CB-6FEC6A77A028}.Debug|Any CPU.ActiveCfg = Debug|Any CPU
		{EED1C21F-8DA7-4AE7-97CB-6FEC6A77A028}.Debug|Any CPU.Build.0 = Debug|Any CPU
		{EED1C21F-8DA7-4AE7-97CB-6FEC6A77A028}.Release|Any CPU.ActiveCfg = Release|Any CPU
		{EED1C21F-8DA7-4AE7-97CB-6FEC6A77A028}.Release|Any CPU.Build.0 = Release|Any CPU
	EndGlobalSection
	GlobalSection(SolutionProperties) = preSolution
		HideSolutionNode = FALSE
	EndGlobalSection
	GlobalSection(NestedProjects) = preSolution
		{A03A0571-A040-4A06-AC85-EA5FF26E157A} = {D13AB439-8C0E-4281-978A-AEC050AA5DDD}
		{4D3BC404-499F-4F38-92DD-F7C55BAE3AC6} = {A03A0571-A040-4A06-AC85-EA5FF26E157A}
		{DB01EA08-EF44-4B28-862C-B3C6DFB2FC9C} = {49CBCE52-5F2F-4D48-9457-DCBB89424A4B}
		{04B2D875-8482-476C-A222-22407DB934D1} = {6F508999-A9BA-43A5-94DC-5DDA86ADAFE9}
		{941A8B28-9094-44C1-957A-B3CE6F0AE4EF} = {5607A1EE-5F8C-456B-82D2-3778314E85D9}
		{EED1C21F-8DA7-4AE7-97CB-6FEC6A77A028} = {5888D15E-322B-42AB-938A-D77FE59EEA25}
	EndGlobalSection
	GlobalSection(ExtensibilityGlobals) = postSolution
		SolutionGuid = {A5FFCB63-C8C6-49EC-9E96-486D4EAFDE9E}
	EndGlobalSection
EndGlobal
